
Microsoft Visual Studio Solution File, Format Version 12.00
# Visual Studio Version 17
VisualStudioVersion = 17.9.34622.214
MinimumVisualStudioVersion = 10.0.40219.1
Project("{FAE04EC0-301F-11D3-BF4B-00C04F79EFBC}") = "DeviceApp", "DeviceApp\DeviceApp.csproj", "{8DD09FB0-E0D8-4641-89E7-0A9959A7E533}"
EndProject
Global
	GlobalSection(SolutionConfigurationPlatforms) = preSolution
		Debug|Any CPU = Debug|Any CPU
		Release|Any CPU = Release|Any CPU
	EndGlobalSection
	GlobalSection(ProjectConfigurationPlatforms) = postSolution
		{8DD09FB0-E0D8-4641-89E7-0A9959A7E533}.Debug|Any CPU.ActiveCfg = Debug|Any CPU
		{8DD09FB0-E0D8-4641-89E7-0A9959A7E533}.Debug|Any CPU.Build.0 = Debug|Any CPU
		{8DD09FB0-E0D8-4641-89E7-0A9959A7E533}.Release|Any CPU.ActiveCfg = Release|Any CPU
		{8DD09FB0-E0D8-4641-89E7-0A9959A7E533}.Release|Any CPU.Build.0 = Release|Any CPU
	EndGlobalSection
	GlobalSection(SolutionProperties) = preSolution
		HideSolutionNode = FALSE
	EndGlobalSection
	GlobalSection(ExtensibilityGlobals) = postSolution
		SolutionGuid = {188C8070-F260-4835-B2ED-6BBCB44E93F6}
	EndGlobalSection
EndGlobal
