
Microsoft Visual Studio Solution File, Format Version 12.00
# Visual Studio Version 17
VisualStudioVersion = 17.9.34622.214
MinimumVisualStudioVersion = 10.0.40219.1
Project("{FAE04EC0-301F-11D3-BF4B-00C04F79EFBC}") = "Paralellism", "Paralellism\Paralellism.csproj", "{BC133F83-83A9-4415-A888-125A89B5EF6C}"
EndProject
Global
	GlobalSection(SolutionConfigurationPlatforms) = preSolution
		Debug|Any CPU = Debug|Any CPU
		Release|Any CPU = Release|Any CPU
	EndGlobalSection
	GlobalSection(ProjectConfigurationPlatforms) = postSolution
		{BC133F83-83A9-4415-A888-125A89B5EF6C}.Debug|Any CPU.ActiveCfg = Debug|Any CPU
		{BC133F83-83A9-4415-A888-125A89B5EF6C}.Debug|Any CPU.Build.0 = Debug|Any CPU
		{BC133F83-83A9-4415-A888-125A89B5EF6C}.Release|Any CPU.ActiveCfg = Release|Any CPU
		{BC133F83-83A9-4415-A888-125A89B5EF6C}.Release|Any CPU.Build.0 = Release|Any CPU
	EndGlobalSection
	GlobalSection(SolutionProperties) = preSolution
		HideSolutionNode = FALSE
	EndGlobalSection
	GlobalSection(ExtensibilityGlobals) = postSolution
		SolutionGuid = {818B5749-2842-4960-8061-96BC153DF7BD}
	EndGlobalSection
EndGlobal
