
Microsoft Visual Studio Solution File, Format Version 12.00
# Visual Studio Version 17
VisualStudioVersion = 17.9.34622.214
MinimumVisualStudioVersion = 10.0.40219.1
Project("{FAE04EC0-301F-11D3-BF4B-00C04F79EFBC}") = "GenericTypes", "GenericTypes\GenericTypes.csproj", "{3553889A-9A86-4E82-A0EA-3F21BCEE200A}"
EndProject
Global
	GlobalSection(SolutionConfigurationPlatforms) = preSolution
		Debug|Any CPU = Debug|Any CPU
		Release|Any CPU = Release|Any CPU
	EndGlobalSection
	GlobalSection(ProjectConfigurationPlatforms) = postSolution
		{3553889A-9A86-4E82-A0EA-3F21BCEE200A}.Debug|Any CPU.ActiveCfg = Debug|Any CPU
		{3553889A-9A86-4E82-A0EA-3F21BCEE200A}.Debug|Any CPU.Build.0 = Debug|Any CPU
		{3553889A-9A86-4E82-A0EA-3F21BCEE200A}.Release|Any CPU.ActiveCfg = Release|Any CPU
		{3553889A-9A86-4E82-A0EA-3F21BCEE200A}.Release|Any CPU.Build.0 = Release|Any CPU
	EndGlobalSection
	GlobalSection(SolutionProperties) = preSolution
		HideSolutionNode = FALSE
	EndGlobalSection
	GlobalSection(ExtensibilityGlobals) = postSolution
		SolutionGuid = {025E0FA1-3737-4968-BFB7-12165749E84E}
	EndGlobalSection
EndGlobal
