
Microsoft Visual Studio Solution File, Format Version 12.00
# Visual Studio Version 17
VisualStudioVersion = 17.9.34622.214
MinimumVisualStudioVersion = 10.0.40219.1
Project("{FAE04EC0-301F-11D3-BF4B-00C04F79EFBC}") = "IndexerReflection", "IndexerReflection\IndexerReflection.csproj", "{A324AC15-C163-4AAE-B52C-49FA15C7FC1E}"
EndProject
Global
	GlobalSection(SolutionConfigurationPlatforms) = preSolution
		Debug|Any CPU = Debug|Any CPU
		Release|Any CPU = Release|Any CPU
	EndGlobalSection
	GlobalSection(ProjectConfigurationPlatforms) = postSolution
		{A324AC15-C163-4AAE-B52C-49FA15C7FC1E}.Debug|Any CPU.ActiveCfg = Debug|Any CPU
		{A324AC15-C163-4AAE-B52C-49FA15C7FC1E}.Debug|Any CPU.Build.0 = Debug|Any CPU
		{A324AC15-C163-4AAE-B52C-49FA15C7FC1E}.Release|Any CPU.ActiveCfg = Release|Any CPU
		{A324AC15-C163-4AAE-B52C-49FA15C7FC1E}.Release|Any CPU.Build.0 = Release|Any CPU
	EndGlobalSection
	GlobalSection(SolutionProperties) = preSolution
		HideSolutionNode = FALSE
	EndGlobalSection
	GlobalSection(ExtensibilityGlobals) = postSolution
		SolutionGuid = {04A81751-1B2A-4C4D-8740-E7474C3081A4}
	EndGlobalSection
EndGlobal
