
Microsoft Visual Studio Solution File, Format Version 12.00
# Visual Studio Version 17
VisualStudioVersion = 17.9.34622.214
MinimumVisualStudioVersion = 10.0.40219.1
Project("{FAE04EC0-301F-11D3-BF4B-00C04F79EFBC}") = "ClassEncapsulation", "ClassEncapsulation\ClassEncapsulation.csproj", "{74FFC19F-6146-471B-9CF0-73C76CDF8D0D}"
EndProject
Global
	GlobalSection(SolutionConfigurationPlatforms) = preSolution
		Debug|Any CPU = Debug|Any CPU
		Release|Any CPU = Release|Any CPU
	EndGlobalSection
	GlobalSection(ProjectConfigurationPlatforms) = postSolution
		{74FFC19F-6146-471B-9CF0-73C76CDF8D0D}.Debug|Any CPU.ActiveCfg = Debug|Any CPU
		{74FFC19F-6146-471B-9CF0-73C76CDF8D0D}.Debug|Any CPU.Build.0 = Debug|Any CPU
		{74FFC19F-6146-471B-9CF0-73C76CDF8D0D}.Release|Any CPU.ActiveCfg = Release|Any CPU
		{74FFC19F-6146-471B-9CF0-73C76CDF8D0D}.Release|Any CPU.Build.0 = Release|Any CPU
	EndGlobalSection
	GlobalSection(SolutionProperties) = preSolution
		HideSolutionNode = FALSE
	EndGlobalSection
	GlobalSection(ExtensibilityGlobals) = postSolution
		SolutionGuid = {612C3EF5-B283-4CCA-A9E9-90F0F4D767E7}
	EndGlobalSection
EndGlobal
