
Microsoft Visual Studio Solution File, Format Version 12.00
# Visual Studio Version 17
VisualStudioVersion = 17.9.34622.214
MinimumVisualStudioVersion = 10.0.40219.1
Project("{FAE04EC0-301F-11D3-BF4B-00C04F79EFBC}") = "AdoNET", "AdoNET\AdoNET.csproj", "{19ACB2BE-1728-438F-B395-197FEC4368D1}"
EndProject
Global
	GlobalSection(SolutionConfigurationPlatforms) = preSolution
		Debug|Any CPU = Debug|Any CPU
		Release|Any CPU = Release|Any CPU
	EndGlobalSection
	GlobalSection(ProjectConfigurationPlatforms) = postSolution
		{19ACB2BE-1728-438F-B395-197FEC4368D1}.Debug|Any CPU.ActiveCfg = Debug|Any CPU
		{19ACB2BE-1728-438F-B395-197FEC4368D1}.Debug|Any CPU.Build.0 = Debug|Any CPU
		{19ACB2BE-1728-438F-B395-197FEC4368D1}.Release|Any CPU.ActiveCfg = Release|Any CPU
		{19ACB2BE-1728-438F-B395-197FEC4368D1}.Release|Any CPU.Build.0 = Release|Any CPU
	EndGlobalSection
	GlobalSection(SolutionProperties) = preSolution
		HideSolutionNode = FALSE
	EndGlobalSection
	GlobalSection(ExtensibilityGlobals) = postSolution
		SolutionGuid = {E005B9D8-3E5E-4362-9D89-13C1DA6251C4}
	EndGlobalSection
EndGlobal
